
Microsoft Visual Studio Solution File, Format Version 12.00
# Visual Studio Version 17
VisualStudioVersion = 17.3.32929.385
MinimumVisualStudioVersion = 10.0.40219.1
Project("{8BC9CEB8-8B4A-11D0-8D11-00A0C91BC942}") = "test11_3", "test11_3\test11_3.vcxproj", "{7586A7C3-1D57-4C41-857B-D636ABD82D2E}"
EndProject
Global
	GlobalSection(SolutionConfigurationPlatforms) = preSolution
		Debug|x64 = Debug|x64
		Debug|x86 = Debug|x86
		Release|x64 = Release|x64
		Release|x86 = Release|x86
	EndGlobalSection
	GlobalSection(ProjectConfigurationPlatforms) = postSolution
		{7586A7C3-1D57-4C41-857B-D636ABD82D2E}.Debug|x64.ActiveCfg = Debug|x64
		{7586A7C3-1D57-4C41-857B-D636ABD82D2E}.Debug|x64.Build.0 = Debug|x64
		{7586A7C3-1D57-4C41-857B-D636ABD82D2E}.Debug|x86.ActiveCfg = Debug|Win32
		{7586A7C3-1D57-4C41-857B-D636ABD82D2E}.Debug|x86.Build.0 = Debug|Win32
		{7586A7C3-1D57-4C41-857B-D636ABD82D2E}.Release|x64.ActiveCfg = Release|x64
		{7586A7C3-1D57-4C41-857B-D636ABD82D2E}.Release|x64.Build.0 = Release|x64
		{7586A7C3-1D57-4C41-857B-D636ABD82D2E}.Release|x86.ActiveCfg = Release|Win32
		{7586A7C3-1D57-4C41-857B-D636ABD82D2E}.Release|x86.Build.0 = Release|Win32
	EndGlobalSection
	GlobalSection(SolutionProperties) = preSolution
		HideSolutionNode = FALSE
	EndGlobalSection
	GlobalSection(ExtensibilityGlobals) = postSolution
		SolutionGuid = {F763CACB-7F6C-4458-B633-CB5923110C04}
	EndGlobalSection
EndGlobal
