
Microsoft Visual Studio Solution File, Format Version 12.00
# Visual Studio Version 17
VisualStudioVersion = 17.3.32929.385
MinimumVisualStudioVersion = 10.0.40219.1
Project("{8BC9CEB8-8B4A-11D0-8D11-00A0C91BC942}") = "test10_25", "test10_25\test10_25.vcxproj", "{E83D491D-472D-42E7-BC38-61B79372AFB4}"
EndProject
Global
	GlobalSection(SolutionConfigurationPlatforms) = preSolution
		Debug|x64 = Debug|x64
		Debug|x86 = Debug|x86
		Release|x64 = Release|x64
		Release|x86 = Release|x86
	EndGlobalSection
	GlobalSection(ProjectConfigurationPlatforms) = postSolution
		{E83D491D-472D-42E7-BC38-61B79372AFB4}.Debug|x64.ActiveCfg = Debug|x64
		{E83D491D-472D-42E7-BC38-61B79372AFB4}.Debug|x64.Build.0 = Debug|x64
		{E83D491D-472D-42E7-BC38-61B79372AFB4}.Debug|x86.ActiveCfg = Debug|Win32
		{E83D491D-472D-42E7-BC38-61B79372AFB4}.Debug|x86.Build.0 = Debug|Win32
		{E83D491D-472D-42E7-BC38-61B79372AFB4}.Release|x64.ActiveCfg = Release|x64
		{E83D491D-472D-42E7-BC38-61B79372AFB4}.Release|x64.Build.0 = Release|x64
		{E83D491D-472D-42E7-BC38-61B79372AFB4}.Release|x86.ActiveCfg = Release|Win32
		{E83D491D-472D-42E7-BC38-61B79372AFB4}.Release|x86.Build.0 = Release|Win32
	EndGlobalSection
	GlobalSection(SolutionProperties) = preSolution
		HideSolutionNode = FALSE
	EndGlobalSection
	GlobalSection(ExtensibilityGlobals) = postSolution
		SolutionGuid = {94300D15-50C8-4BB0-B71C-A2193E9258FD}
	EndGlobalSection
EndGlobal
